
Microsoft Visual Studio Solution File, Format Version 12.00
# Visual Studio 15
VisualStudioVersion = 15.0.28307.421
MinimumVisualStudioVersion = 10.0.40219.1
Project("{9A19103F-16F7-4668-BE54-9A1E7A4F7556}") = "Security2.Web", "Security2.Web\Security2.Web.csproj", "{52E5A8E2-7F76-404F-94FA-C9AB77765B99}"
EndProject
Project("{9A19103F-16F7-4668-BE54-9A1E7A4F7556}") = "Security2.Gronsfer", "Security2.Gronsfer\Security2.Gronsfer.csproj", "{8FB59B88-D4CE-4584-974F-3B8690A18BD7}"
EndProject
Project("{9A19103F-16F7-4668-BE54-9A1E7A4F7556}") = "Security2.Domain", "Security2.Domain\Security2.Domain.csproj", "{7BC9D280-0217-4E25-BB75-ED0C78154ED4}"
EndProject
Project("{9A19103F-16F7-4668-BE54-9A1E7A4F7556}") = "Security2.CustomAuth", "Security2.CustomAuth\Security2.CustomAuth.csproj", "{7CAFCB30-FA9D-4DE6-93DB-9B415D93CEF5}"
EndProject
Project("{FAE04EC0-301F-11D3-BF4B-00C04F79EFBC}") = "Security2.Database", "Security2.Database\Security2.Database.csproj", "{69BAC095-E4CA-4C23-9764-37689F9BE528}"
EndProject
Project("{FAE04EC0-301F-11D3-BF4B-00C04F79EFBC}") = "Security2.WebClient", "Security2.WebClient\Security2.WebClient.csproj", "{04B94863-0A26-408C-8590-E3F3AE5165A2}"
EndProject
Project("{FAE04EC0-301F-11D3-BF4B-00C04F79EFBC}") = "Security2.Dto", "Security2.Dto\Security2.Dto.csproj", "{4DAE0209-505F-45EB-82EC-35F7B19AB032}"
EndProject
Global
	GlobalSection(SolutionConfigurationPlatforms) = preSolution
		Debug|Any CPU = Debug|Any CPU
		Release|Any CPU = Release|Any CPU
	EndGlobalSection
	GlobalSection(ProjectConfigurationPlatforms) = postSolution
		{52E5A8E2-7F76-404F-94FA-C9AB77765B99}.Debug|Any CPU.ActiveCfg = Debug|Any CPU
		{52E5A8E2-7F76-404F-94FA-C9AB77765B99}.Debug|Any CPU.Build.0 = Debug|Any CPU
		{52E5A8E2-7F76-404F-94FA-C9AB77765B99}.Release|Any CPU.ActiveCfg = Release|Any CPU
		{52E5A8E2-7F76-404F-94FA-C9AB77765B99}.Release|Any CPU.Build.0 = Release|Any CPU
		{8FB59B88-D4CE-4584-974F-3B8690A18BD7}.Debug|Any CPU.ActiveCfg = Debug|Any CPU
		{8FB59B88-D4CE-4584-974F-3B8690A18BD7}.Debug|Any CPU.Build.0 = Debug|Any CPU
		{8FB59B88-D4CE-4584-974F-3B8690A18BD7}.Release|Any CPU.ActiveCfg = Release|Any CPU
		{8FB59B88-D4CE-4584-974F-3B8690A18BD7}.Release|Any CPU.Build.0 = Release|Any CPU
		{7BC9D280-0217-4E25-BB75-ED0C78154ED4}.Debug|Any CPU.ActiveCfg = Debug|Any CPU
		{7BC9D280-0217-4E25-BB75-ED0C78154ED4}.Debug|Any CPU.Build.0 = Debug|Any CPU
		{7BC9D280-0217-4E25-BB75-ED0C78154ED4}.Release|Any CPU.ActiveCfg = Release|Any CPU
		{7BC9D280-0217-4E25-BB75-ED0C78154ED4}.Release|Any CPU.Build.0 = Release|Any CPU
		{7CAFCB30-FA9D-4DE6-93DB-9B415D93CEF5}.Debug|Any CPU.ActiveCfg = Debug|Any CPU
		{7CAFCB30-FA9D-4DE6-93DB-9B415D93CEF5}.Debug|Any CPU.Build.0 = Debug|Any CPU
		{7CAFCB30-FA9D-4DE6-93DB-9B415D93CEF5}.Release|Any CPU.ActiveCfg = Release|Any CPU
		{7CAFCB30-FA9D-4DE6-93DB-9B415D93CEF5}.Release|Any CPU.Build.0 = Release|Any CPU
		{69BAC095-E4CA-4C23-9764-37689F9BE528}.Debug|Any CPU.ActiveCfg = Debug|Any CPU
		{69BAC095-E4CA-4C23-9764-37689F9BE528}.Debug|Any CPU.Build.0 = Debug|Any CPU
		{69BAC095-E4CA-4C23-9764-37689F9BE528}.Release|Any CPU.ActiveCfg = Release|Any CPU
		{69BAC095-E4CA-4C23-9764-37689F9BE528}.Release|Any CPU.Build.0 = Release|Any CPU
		{04B94863-0A26-408C-8590-E3F3AE5165A2}.Debug|Any CPU.ActiveCfg = Debug|Any CPU
		{04B94863-0A26-408C-8590-E3F3AE5165A2}.Debug|Any CPU.Build.0 = Debug|Any CPU
		{04B94863-0A26-408C-8590-E3F3AE5165A2}.Release|Any CPU.ActiveCfg = Release|Any CPU
		{04B94863-0A26-408C-8590-E3F3AE5165A2}.Release|Any CPU.Build.0 = Release|Any CPU
		{4DAE0209-505F-45EB-82EC-35F7B19AB032}.Debug|Any CPU.ActiveCfg = Debug|Any CPU
		{4DAE0209-505F-45EB-82EC-35F7B19AB032}.Debug|Any CPU.Build.0 = Debug|Any CPU
		{4DAE0209-505F-45EB-82EC-35F7B19AB032}.Release|Any CPU.ActiveCfg = Release|Any CPU
		{4DAE0209-505F-45EB-82EC-35F7B19AB032}.Release|Any CPU.Build.0 = Release|Any CPU
	EndGlobalSection
	GlobalSection(SolutionProperties) = preSolution
		HideSolutionNode = FALSE
	EndGlobalSection
	GlobalSection(ExtensibilityGlobals) = postSolution
		SolutionGuid = {52445079-1B54-4CF1-8C6F-197D7F8D466D}
	EndGlobalSection
EndGlobal
